<?xml version="1.0" encoding="utf-8"?>
<Project ToolsVersion="4.0" xmlns="http://schemas.microsoft.com/developer/msbuild/2003">
  <ItemGroup>
    <Filter Include="Source Files">
      <UniqueIdentifier>{4FC737F1-C7A5-4376-A066-2A32D752A2FF}</UniqueIdentifier>
      <Extensions>cpp;c;cc;cxx;def;odl;idl;hpj;bat;asm;asmx</Extensions>
    </Filter>
    <Filter Include="Header Files">
      <UniqueIdentifier>{93995380-89BD-4b04-88EB-625FBE52EBFB}</UniqueIdentifier>
      <Extensions>h;hh;hpp;hxx;hm;inl;inc;xsd</Extensions>
    </Filter>
    <Filter Include="Resource Files">
      <UniqueIdentifier>{67DA6AB6-F800-4c08-8B7A-83BB121AAD01}</UniqueIdentifier>
      <Extensions>rc;ico;cur;bmp;dlg;rc2;rct;bin;rgs;gif;jpg;jpeg;jpe;resx;tiff;tif;png;wav;mfcribbon-ms</Extensions>
    </Filter>
    <Filter Include="Source Files\Common">
      <UniqueIdentifier>{b6c5b246-092e-478d-b3f3-46b92268e338}</UniqueIdentifier>
    </Filter>
    <Filter Include="Source Files\Graphics">
      <UniqueIdentifier>{9e60aff2-fc36-4c87-aa72-0c5f21f557cd}</UniqueIdentifier>
    </Filter>
    <Filter Include="Source Files\Graphics\Billboards">
      <UniqueIdentifier>{cd79654f-77bb-407d-8d9c-99fc1f0c50d5}</UniqueIdentifier>
    </Filter>
    <Filter Include="Source Files\Graphics\Shaders">
      <UniqueIdentifier>{33941339-9ca5-4d8d-859d-f71688d916ef}</UniqueIdentifier>
    </Filter>
    <Filter Include="Header Files\Common">
      <UniqueIdentifier>{6b9b9b08-9202-4045-a6d7-395c918486dd}</UniqueIdentifier>
    </Filter>
    <Filter Include="Header Files\Graphics">
      <UniqueIdentifier>{052a757f-608e-412f-b69c-83ee90485a7e}</UniqueIdentifier>
    </Filter>
    <Filter Include="Header Files\Graphics\Billboards">
      <UniqueIdentifier>{a0b4fe09-db94-473b-810f-96a62c73b829}</UniqueIdentifier>
    </Filter>
    <Filter Include="Header Files\Graphics\Shaders">
      <UniqueIdentifier>{5364b5c8-ed14-40db-b865-caf66e039520}</UniqueIdentifier>
    </Filter>
  </ItemGroup>
  <ItemGroup>
    <ClCompile Include="code\main.cpp">
      <Filter>Source Files</Filter>
    </ClCompile>
    <ClCompile Include="code\common\frustum.cpp">
      <Filter>Source Files\Common</Filter>
    </ClCompile>
    <ClCompile Include="code\common\matrix44.cpp">
      <Filter>Source Files\Common</Filter>
    </ClCompile>
    <ClCompile Include="code\common\plane.cpp">
      <Filter>Source Files\Common</Filter>
    </ClCompile>
    <ClCompile Include="code\common\vector2.cpp">
      <Filter>Source Files\Common</Filter>
    </ClCompile>
    <ClCompile Include="code\common\vector3.cpp">
      <Filter>Source Files\Common</Filter>
    </ClCompile>
    <ClCompile Include="code\graphics\billboard.cpp">
      <Filter>Source Files\Graphics</Filter>
    </ClCompile>
    <ClCompile Include="code\graphics\buffer.cpp">
      <Filter>Source Files\Graphics</Filter>
    </ClCompile>
    <ClCompile Include="code\graphics\font.cpp">
      <Filter>Source Files\Graphics</Filter>
    </ClCompile>
    <ClCompile Include="code\graphics\image.cpp">
      <Filter>Source Files\Graphics</Filter>
    </ClCompile>
    <ClCompile Include="code\graphics\renderer.cpp">
      <Filter>Source Files\Graphics</Filter>
    </ClCompile>
    <ClCompile Include="code\graphics\scene.cpp">
      <Filter>Source Files\Graphics</Filter>
    </ClCompile>
    <ClCompile Include="code\graphics\shaded_model_3d.cpp">
      <Filter>Source Files\Graphics</Filter>
    </ClCompile>
    <ClCompile Include="code\graphics\shadeless_model_3d.cpp">
      <Filter>Source Files\Graphics</Filter>
    </ClCompile>
    <ClCompile Include="code\graphics\shader.cpp">
      <Filter>Source Files\Graphics</Filter>
    </ClCompile>
    <ClCompile Include="code\graphics\text_2d.cpp">
      <Filter>Source Files\Graphics</Filter>
    </ClCompile>
    <ClCompile Include="code\graphics\texture.cpp">
      <Filter>Source Files\Graphics</Filter>
    </ClCompile>
    <ClCompile Include="code\graphics\billboards\billboard_2d.cpp">
      <Filter>Source Files\Graphics\Billboards</Filter>
    </ClCompile>
    <ClCompile Include="code\graphics\billboards\billboard_3d.cpp">
      <Filter>Source Files\Graphics\Billboards</Filter>
    </ClCompile>
    <ClCompile Include="code\graphics\shaders\shaded_model_3d_shader.cpp">
      <Filter>Source Files\Graphics\Shaders</Filter>
    </ClCompile>
    <ClCompile Include="code\graphics\shaders\shadow_cube_mapping_shader.cpp">
      <Filter>Source Files\Graphics\Shaders</Filter>
    </ClCompile>
    <ClCompile Include="code\graphics\shaders\shadow_mapping_shader.cpp">
      <Filter>Source Files\Graphics\Shaders</Filter>
    </ClCompile>
    <ClCompile Include="code\graphics\shaders\single_texture_model_shader.cpp">
      <Filter>Source Files\Graphics\Shaders</Filter>
    </ClCompile>
    <ClCompile Include="code\graphics\shaders\text_2d_shader.cpp">
      <Filter>Source Files\Graphics\Shaders</Filter>
    </ClCompile>
    <ClCompile Include="code\common\utility.cpp">
      <Filter>Source Files\Common</Filter>
    </ClCompile>
  </ItemGroup>
  <ItemGroup>
    <ClInclude Include="code\common\frustum.h">
      <Filter>Header Files\Common</Filter>
    </ClInclude>
    <ClInclude Include="code\common\matrix44.h">
      <Filter>Header Files\Common</Filter>
    </ClInclude>
    <ClInclude Include="code\common\plane.h">
      <Filter>Header Files\Common</Filter>
    </ClInclude>
    <ClInclude Include="code\common\vector2.h">
      <Filter>Header Files\Common</Filter>
    </ClInclude>
    <ClInclude Include="code\common\vector3.h">
      <Filter>Header Files\Common</Filter>
    </ClInclude>
    <ClInclude Include="code\graphics\billboard.h">
      <Filter>Header Files\Graphics</Filter>
    </ClInclude>
    <ClInclude Include="code\graphics\buffer.h">
      <Filter>Header Files\Graphics</Filter>
    </ClInclude>
    <ClInclude Include="code\graphics\camera.h">
      <Filter>Header Files\Graphics</Filter>
    </ClInclude>
    <ClInclude Include="code\graphics\color.h">
      <Filter>Header Files\Graphics</Filter>
    </ClInclude>
    <ClInclude Include="code\graphics\directional_light.h">
      <Filter>Header Files\Graphics</Filter>
    </ClInclude>
    <ClInclude Include="code\graphics\font.h">
      <Filter>Header Files\Graphics</Filter>
    </ClInclude>
    <ClInclude Include="code\graphics\image.h">
      <Filter>Header Files\Graphics</Filter>
    </ClInclude>
    <ClInclude Include="code\graphics\point_light.h">
      <Filter>Header Files\Graphics</Filter>
    </ClInclude>
    <ClInclude Include="code\graphics\renderer.h">
      <Filter>Header Files\Graphics</Filter>
    </ClInclude>
    <ClInclude Include="code\graphics\scene.h">
      <Filter>Header Files\Graphics</Filter>
    </ClInclude>
    <ClInclude Include="code\graphics\shaded_model_3d.h">
      <Filter>Header Files\Graphics</Filter>
    </ClInclude>
    <ClInclude Include="code\graphics\shadeless_model_3d.h">
      <Filter>Header Files\Graphics</Filter>
    </ClInclude>
    <ClInclude Include="code\graphics\shader.h">
      <Filter>Header Files\Graphics</Filter>
    </ClInclude>
    <ClInclude Include="code\graphics\text_2d.h">
      <Filter>Header Files\Graphics</Filter>
    </ClInclude>
    <ClInclude Include="code\graphics\texture.h">
      <Filter>Header Files\Graphics</Filter>
    </ClInclude>
    <ClInclude Include="code\graphics\billboards\billboard_2d.h">
      <Filter>Header Files\Graphics\Billboards</Filter>
    </ClInclude>
    <ClInclude Include="code\graphics\billboards\billboard_3d.h">
      <Filter>Header Files\Graphics\Billboards</Filter>
    </ClInclude>
    <ClInclude Include="code\graphics\shaders\shaded_model_3d_shader.h">
      <Filter>Header Files\Graphics\Shaders</Filter>
    </ClInclude>
    <ClInclude Include="code\graphics\shaders\shadow_cube_mapping_shader.h">
      <Filter>Header Files\Graphics\Shaders</Filter>
    </ClInclude>
    <ClInclude Include="code\graphics\shaders\shadow_mapping_shader.h">
      <Filter>Header Files\Graphics\Shaders</Filter>
    </ClInclude>
    <ClInclude Include="code\graphics\shaders\single_texture_model_shader.h">
      <Filter>Header Files\Graphics\Shaders</Filter>
    </ClInclude>
    <ClInclude Include="code\graphics\shaders\text_2d_shader.h">
      <Filter>Header Files\Graphics\Shaders</Filter>
    </ClInclude>
    <ClInclude Include="code\common\utility.h">
      <Filter>Header Files\Common</Filter>
    </ClInclude>
  </ItemGroup>
</Project>